// !$*UTF8*$!
{
	archiveVersion = 1;
	classes = {
	};
	objectVersion = 51;
	objects = {

/* Begin PBXBuildFile section */
		6CBFC01D29BD19613A6F55B7 /* Pods_Architecture_VIPER.framework in Frameworks */ = {isa = PBXBuildFile; fileRef = F28DCFFA0C3012964FB61F6A /* Pods_Architecture_VIPER.framework */; };
		7D44B61326D8DE9C00691B49 /* AppPresenter.swift in Sources */ = {isa = PBXBuildFile; fileRef = 7D44B61226D8DE9C00691B49 /* AppPresenter.swift */; };
		7D44B61526D8DEF900691B49 /* RootRouter.swift in Sources */ = {isa = PBXBuildFile; fileRef = 7D44B61426D8DEF900691B49 /* RootRouter.swift */; };
		7D93982F26CA774800925C0B /* AppDelegate.swift in Sources */ = {isa = PBXBuildFile; fileRef = 7D93982E26CA774800925C0B /* AppDelegate.swift */; };
		7D93983826CA774900925C0B /* Assets.xcassets in Resources */ = {isa = PBXBuildFile; fileRef = 7D93983726CA774900925C0B /* Assets.xcassets */; };
		7D93983B26CA774900925C0B /* LaunchScreen.storyboard in Resources */ = {isa = PBXBuildFile; fileRef = 7D93983926CA774900925C0B /* LaunchScreen.storyboard */; };
		7D93984A26CA78F100925C0B /* RequestProtocol.swift in Sources */ = {isa = PBXBuildFile; fileRef = 7D93984926CA78F100925C0B /* RequestProtocol.swift */; };
		7D93984C26CA7DFA00925C0B /* APIClient.swift in Sources */ = {isa = PBXBuildFile; fileRef = 7D93984B26CA7DFA00925C0B /* APIClient.swift */; };
		7D93984E26CA812800925C0B /* APIError.swift in Sources */ = {isa = PBXBuildFile; fileRef = 7D93984D26CA812800925C0B /* APIError.swift */; };
		7D93985226CA914B00925C0B /* SearchRepositoryViewController.swift in Sources */ = {isa = PBXBuildFile; fileRef = 7D93985126CA914B00925C0B /* SearchRepositoryViewController.swift */; };
		7D93985426CA915B00925C0B /* SearchRepository.storyboard in Resources */ = {isa = PBXBuildFile; fileRef = 7D93985326CA915B00925C0B /* SearchRepository.storyboard */; };
		7D93985626CA917800925C0B /* SearchRepositoryInteractor.swift in Sources */ = {isa = PBXBuildFile; fileRef = 7D93985526CA917800925C0B /* SearchRepositoryInteractor.swift */; };
		7D93985826CA918A00925C0B /* SearchRepositoryPresenter.swift in Sources */ = {isa = PBXBuildFile; fileRef = 7D93985726CA918A00925C0B /* SearchRepositoryPresenter.swift */; };
		7D93985A26CA919D00925C0B /* RepositoryEntity.swift in Sources */ = {isa = PBXBuildFile; fileRef = 7D93985926CA919D00925C0B /* RepositoryEntity.swift */; };
		7D93985C26CA91B100925C0B /* SearchRepositoryRouter.swift in Sources */ = {isa = PBXBuildFile; fileRef = 7D93985B26CA91B100925C0B /* SearchRepositoryRouter.swift */; };
		7D93985F26CA945200925C0B /* UserEntity.swift in Sources */ = {isa = PBXBuildFile; fileRef = 7D93985E26CA945200925C0B /* UserEntity.swift */; };
		7D93986226CA954000925C0B /* AccessToken.swift in Sources */ = {isa = PBXBuildFile; fileRef = 7D93986126CA954000925C0B /* AccessToken.swift */; };
		7D93986526CA97F300925C0B /* RepositoryRequest.swift in Sources */ = {isa = PBXBuildFile; fileRef = 7D93986426CA97F300925C0B /* RepositoryRequest.swift */; };
		7D93986726CA98E400925C0B /* SearchRepositoriesRequest.swift in Sources */ = {isa = PBXBuildFile; fileRef = 7D93986626CA98E400925C0B /* SearchRepositoriesRequest.swift */; };
		7D93986926CA994700925C0B /* ItemsResponse.swift in Sources */ = {isa = PBXBuildFile; fileRef = 7D93986826CA994700925C0B /* ItemsResponse.swift */; };
		7DAB960E26EFA74B001D1E14 /* SearchRepositoryCell.swift in Sources */ = {isa = PBXBuildFile; fileRef = 7DAB960C26EFA74B001D1E14 /* SearchRepositoryCell.swift */; };
		7DAB960F26EFA74B001D1E14 /* SearchRepositoryCell.xib in Resources */ = {isa = PBXBuildFile; fileRef = 7DAB960D26EFA74B001D1E14 /* SearchRepositoryCell.xib */; };
		7DAB961326EFB0FE001D1E14 /* UITableViewCell+Ex.swift in Sources */ = {isa = PBXBuildFile; fileRef = 7DAB961226EFB0FE001D1E14 /* UITableViewCell+Ex.swift */; };
		7DAB961726EFB401001D1E14 /* UITableView+Ex.swift in Sources */ = {isa = PBXBuildFile; fileRef = 7DAB961626EFB401001D1E14 /* UITableView+Ex.swift */; };
/* End PBXBuildFile section */

/* Begin PBXFileReference section */
		0B3CBC4304891C734F514A96 /* Pods-Architecture_VIPER.debug.xcconfig */ = {isa = PBXFileReference; includeInIndex = 1; lastKnownFileType = text.xcconfig; name = "Pods-Architecture_VIPER.debug.xcconfig"; path = "Target Support Files/Pods-Architecture_VIPER/Pods-Architecture_VIPER.debug.xcconfig"; sourceTree = "<group>"; };
		110E56576CAA67106FC00361 /* Pods-Architecture_VIPER.release.xcconfig */ = {isa = PBXFileReference; includeInIndex = 1; lastKnownFileType = text.xcconfig; name = "Pods-Architecture_VIPER.release.xcconfig"; path = "Target Support Files/Pods-Architecture_VIPER/Pods-Architecture_VIPER.release.xcconfig"; sourceTree = "<group>"; };
		7D44B61226D8DE9C00691B49 /* AppPresenter.swift */ = {isa = PBXFileReference; lastKnownFileType = sourcecode.swift; path = AppPresenter.swift; sourceTree = "<group>"; };
		7D44B61426D8DEF900691B49 /* RootRouter.swift */ = {isa = PBXFileReference; lastKnownFileType = sourcecode.swift; path = RootRouter.swift; sourceTree = "<group>"; };
		7D93982B26CA774800925C0B /* Architecture_VIPER.app */ = {isa = PBXFileReference; explicitFileType = wrapper.application; includeInIndex = 0; path = Architecture_VIPER.app; sourceTree = BUILT_PRODUCTS_DIR; };
		7D93982E26CA774800925C0B /* AppDelegate.swift */ = {isa = PBXFileReference; lastKnownFileType = sourcecode.swift; path = AppDelegate.swift; sourceTree = "<group>"; };
		7D93983726CA774900925C0B /* Assets.xcassets */ = {isa = PBXFileReference; lastKnownFileType = folder.assetcatalog; path = Assets.xcassets; sourceTree = "<group>"; };
		7D93983A26CA774900925C0B /* Base */ = {isa = PBXFileReference; lastKnownFileType = file.storyboard; name = Base; path = Base.lproj/LaunchScreen.storyboard; sourceTree = "<group>"; };
		7D93983C26CA774900925C0B /* Info.plist */ = {isa = PBXFileReference; lastKnownFileType = text.plist.xml; path = Info.plist; sourceTree = "<group>"; };
		7D93984926CA78F100925C0B /* RequestProtocol.swift */ = {isa = PBXFileReference; lastKnownFileType = sourcecode.swift; path = RequestProtocol.swift; sourceTree = "<group>"; };
		7D93984B26CA7DFA00925C0B /* APIClient.swift */ = {isa = PBXFileReference; lastKnownFileType = sourcecode.swift; path = APIClient.swift; sourceTree = "<group>"; };
		7D93984D26CA812800925C0B /* APIError.swift */ = {isa = PBXFileReference; lastKnownFileType = sourcecode.swift; path = APIError.swift; sourceTree = "<group>"; };
		7D93985126CA914B00925C0B /* SearchRepositoryViewController.swift */ = {isa = PBXFileReference; lastKnownFileType = sourcecode.swift; path = SearchRepositoryViewController.swift; sourceTree = "<group>"; };
		7D93985326CA915B00925C0B /* SearchRepository.storyboard */ = {isa = PBXFileReference; lastKnownFileType = file.storyboard; path = SearchRepository.storyboard; sourceTree = "<group>"; };
		7D93985526CA917800925C0B /* SearchRepositoryInteractor.swift */ = {isa = PBXFileReference; lastKnownFileType = sourcecode.swift; path = SearchRepositoryInteractor.swift; sourceTree = "<group>"; };
		7D93985726CA918A00925C0B /* SearchRepositoryPresenter.swift */ = {isa = PBXFileReference; lastKnownFileType = sourcecode.swift; path = SearchRepositoryPresenter.swift; sourceTree = "<group>"; };
		7D93985926CA919D00925C0B /* RepositoryEntity.swift */ = {isa = PBXFileReference; lastKnownFileType = sourcecode.swift; path = RepositoryEntity.swift; sourceTree = "<group>"; };
		7D93985B26CA91B100925C0B /* SearchRepositoryRouter.swift */ = {isa = PBXFileReference; lastKnownFileType = sourcecode.swift; path = SearchRepositoryRouter.swift; sourceTree = "<group>"; };
		7D93985E26CA945200925C0B /* UserEntity.swift */ = {isa = PBXFileReference; lastKnownFileType = sourcecode.swift; path = UserEntity.swift; sourceTree = "<group>"; };
		7D93986126CA954000925C0B /* AccessToken.swift */ = {isa = PBXFileReference; lastKnownFileType = sourcecode.swift; path = AccessToken.swift; sourceTree = "<group>"; };
		7D93986426CA97F300925C0B /* RepositoryRequest.swift */ = {isa = PBXFileReference; lastKnownFileType = sourcecode.swift; path = RepositoryRequest.swift; sourceTree = "<group>"; };
		7D93986626CA98E400925C0B /* SearchRepositoriesRequest.swift */ = {isa = PBXFileReference; lastKnownFileType = sourcecode.swift; path = SearchRepositoriesRequest.swift; sourceTree = "<group>"; };
		7D93986826CA994700925C0B /* ItemsResponse.swift */ = {isa = PBXFileReference; lastKnownFileType = sourcecode.swift; path = ItemsResponse.swift; sourceTree = "<group>"; };
		7DAB960C26EFA74B001D1E14 /* SearchRepositoryCell.swift */ = {isa = PBXFileReference; lastKnownFileType = sourcecode.swift; path = SearchRepositoryCell.swift; sourceTree = "<group>"; };
		7DAB960D26EFA74B001D1E14 /* SearchRepositoryCell.xib */ = {isa = PBXFileReference; lastKnownFileType = file.xib; path = SearchRepositoryCell.xib; sourceTree = "<group>"; };
		7DAB961226EFB0FE001D1E14 /* UITableViewCell+Ex.swift */ = {isa = PBXFileReference; lastKnownFileType = sourcecode.swift; path = "UITableViewCell+Ex.swift"; sourceTree = "<group>"; };
		7DAB961626EFB401001D1E14 /* UITableView+Ex.swift */ = {isa = PBXFileReference; lastKnownFileType = sourcecode.swift; path = "UITableView+Ex.swift"; sourceTree = "<group>"; };
		F28DCFFA0C3012964FB61F6A /* Pods_Architecture_VIPER.framework */ = {isa = PBXFileReference; explicitFileType = wrapper.framework; includeInIndex = 0; path = Pods_Architecture_VIPER.framework; sourceTree = BUILT_PRODUCTS_DIR; };
/* End PBXFileReference section */

/* Begin PBXFrameworksBuildPhase section */
		7D93982826CA774800925C0B /* Frameworks */ = {
			isa = PBXFrameworksBuildPhase;
			buildActionMask = 2147483647;
			files = (
				6CBFC01D29BD19613A6F55B7 /* Pods_Architecture_VIPER.framework in Frameworks */,
			);
			runOnlyForDeploymentPostprocessing = 0;
		};
/* End PBXFrameworksBuildPhase section */

/* Begin PBXGroup section */
		7D44B60F26D8DE4900691B49 /* Application */ = {
			isa = PBXGroup;
			children = (
				7D44B61026D8DE6600691B49 /* Presenter */,
				7D44B61126D8DE7800691B49 /* Router */,
				7D93982E26CA774800925C0B /* AppDelegate.swift */,
			);
			path = Application;
			sourceTree = "<group>";
		};
		7D44B61026D8DE6600691B49 /* Presenter */ = {
			isa = PBXGroup;
			children = (
				7D44B61226D8DE9C00691B49 /* AppPresenter.swift */,
			);
			path = Presenter;
			sourceTree = "<group>";
		};
		7D44B61126D8DE7800691B49 /* Router */ = {
			isa = PBXGroup;
			children = (
				7D44B61426D8DEF900691B49 /* RootRouter.swift */,
			);
			path = Router;
			sourceTree = "<group>";
		};
		7D93982226CA774800925C0B = {
			isa = PBXGroup;
			children = (
				7D93982D26CA774800925C0B /* Architecture_VIPER */,
				7D93982C26CA774800925C0B /* Products */,
				BC2F2D2429FD1BB9933A9EEC /* Pods */,
				D68184EBF0898000E0B1DEA5 /* Frameworks */,
			);
			sourceTree = "<group>";
		};
		7D93982C26CA774800925C0B /* Products */ = {
			isa = PBXGroup;
			children = (
				7D93982B26CA774800925C0B /* Architecture_VIPER.app */,
			);
			name = Products;
			sourceTree = "<group>";
		};
		7D93982D26CA774800925C0B /* Architecture_VIPER */ = {
			isa = PBXGroup;
			children = (
				7DAB961026EFB02C001D1E14 /* Util */,
				7D44B60F26D8DE4900691B49 /* Application */,
				7D93984826CA788B00925C0B /* API */,
				7D93984F26CA909600925C0B /* Module */,
				7D93983726CA774900925C0B /* Assets.xcassets */,
				7D93983926CA774900925C0B /* LaunchScreen.storyboard */,
				7D93983C26CA774900925C0B /* Info.plist */,
			);
			path = Architecture_VIPER;
			sourceTree = "<group>";
		};
		7D93984226CA781E00925C0B /* View */ = {
			isa = PBXGroup;
			children = (
				7D93985126CA914B00925C0B /* SearchRepositoryViewController.swift */,
				7D93985326CA915B00925C0B /* SearchRepository.storyboard */,
				7DAB960C26EFA74B001D1E14 /* SearchRepositoryCell.swift */,
				7DAB960D26EFA74B001D1E14 /* SearchRepositoryCell.xib */,
			);
			path = View;
			sourceTree = "<group>";
		};
		7D93984426CA787E00925C0B /* Router */ = {
			isa = PBXGroup;
			children = (
				7D93985B26CA91B100925C0B /* SearchRepositoryRouter.swift */,
			);
			path = Router;
			sourceTree = "<group>";
		};
		7D93984526CA788100925C0B /* Entity */ = {
			isa = PBXGroup;
			children = (
				7D93985926CA919D00925C0B /* RepositoryEntity.swift */,
				7D93985E26CA945200925C0B /* UserEntity.swift */,
			);
			path = Entity;
			sourceTree = "<group>";
		};
		7D93984626CA788400925C0B /* Presenter */ = {
			isa = PBXGroup;
			children = (
				7D93985726CA918A00925C0B /* SearchRepositoryPresenter.swift */,
			);
			path = Presenter;
			sourceTree = "<group>";
		};
		7D93984726CA788800925C0B /* Interactor */ = {
			isa = PBXGroup;
			children = (
				7D93985526CA917800925C0B /* SearchRepositoryInteractor.swift */,
			);
			path = Interactor;
			sourceTree = "<group>";
		};
		7D93984826CA788B00925C0B /* API */ = {
			isa = PBXGroup;
			children = (
				7D93986326CA97DF00925C0B /* Request */,
				7D93986026CA952F00925C0B /* Entity */,
				7D93984926CA78F100925C0B /* RequestProtocol.swift */,
				7D93984B26CA7DFA00925C0B /* APIClient.swift */,
				7D93984D26CA812800925C0B /* APIError.swift */,
			);
			path = API;
			sourceTree = "<group>";
		};
		7D93984F26CA909600925C0B /* Module */ = {
			isa = PBXGroup;
			children = (
				7D93985026CA90FA00925C0B /* SearchRepository */,
			);
			path = Module;
			sourceTree = "<group>";
		};
		7D93985026CA90FA00925C0B /* SearchRepository */ = {
			isa = PBXGroup;
			children = (
				7D93984226CA781E00925C0B /* View */,
				7D93984726CA788800925C0B /* Interactor */,
				7D93984626CA788400925C0B /* Presenter */,
				7D93984526CA788100925C0B /* Entity */,
				7D93984426CA787E00925C0B /* Router */,
			);
			path = SearchRepository;
			sourceTree = "<group>";
		};
		7D93986026CA952F00925C0B /* Entity */ = {
			isa = PBXGroup;
			children = (
				7D93986126CA954000925C0B /* AccessToken.swift */,
				7D93986826CA994700925C0B /* ItemsResponse.swift */,
			);
			path = Entity;
			sourceTree = "<group>";
		};
		7D93986326CA97DF00925C0B /* Request */ = {
			isa = PBXGroup;
			children = (
				7D93986426CA97F300925C0B /* RepositoryRequest.swift */,
				7D93986626CA98E400925C0B /* SearchRepositoriesRequest.swift */,
			);
			path = Request;
			sourceTree = "<group>";
		};
		7DAB961026EFB02C001D1E14 /* Util */ = {
			isa = PBXGroup;
			children = (
				7DAB961126EFB0D2001D1E14 /* Extensions */,
			);
			path = Util;
			sourceTree = "<group>";
		};
		7DAB961126EFB0D2001D1E14 /* Extensions */ = {
			isa = PBXGroup;
			children = (
				7DAB961226EFB0FE001D1E14 /* UITableViewCell+Ex.swift */,
				7DAB961626EFB401001D1E14 /* UITableView+Ex.swift */,
			);
			path = Extensions;
			sourceTree = "<group>";
		};
		BC2F2D2429FD1BB9933A9EEC /* Pods */ = {
			isa = PBXGroup;
			children = (
				0B3CBC4304891C734F514A96 /* Pods-Architecture_VIPER.debug.xcconfig */,
				110E56576CAA67106FC00361 /* Pods-Architecture_VIPER.release.xcconfig */,
			);
			path = Pods;
			sourceTree = "<group>";
		};
		D68184EBF0898000E0B1DEA5 /* Frameworks */ = {
			isa = PBXGroup;
			children = (
				F28DCFFA0C3012964FB61F6A /* Pods_Architecture_VIPER.framework */,
			);
			name = Frameworks;
			sourceTree = "<group>";
		};
/* End PBXGroup section */

/* Begin PBXNativeTarget section */
		7D93982A26CA774800925C0B /* Architecture_VIPER */ = {
			isa = PBXNativeTarget;
			buildConfigurationList = 7D93983F26CA774900925C0B /* Build configuration list for PBXNativeTarget "Architecture_VIPER" */;
			buildPhases = (
				2D246C1A94694A3C180534DD /* [CP] Check Pods Manifest.lock */,
				7D93982726CA774800925C0B /* Sources */,
				7D93982826CA774800925C0B /* Frameworks */,
				7D93982926CA774800925C0B /* Resources */,
				70ED2903233DE2EC146EE56D /* [CP] Embed Pods Frameworks */,
			);
			buildRules = (
			);
			dependencies = (
			);
			name = Architecture_VIPER;
			productName = Architecture_VIPER;
			productReference = 7D93982B26CA774800925C0B /* Architecture_VIPER.app */;
			productType = "com.apple.product-type.application";
		};
/* End PBXNativeTarget section */

/* Begin PBXProject section */
		7D93982326CA774800925C0B /* Project object */ = {
			isa = PBXProject;
			attributes = {
				LastSwiftUpdateCheck = 1250;
				LastUpgradeCheck = 1250;
				TargetAttributes = {
					7D93982A26CA774800925C0B = {
						CreatedOnToolsVersion = 12.5.1;
					};
				};
			};
			buildConfigurationList = 7D93982626CA774800925C0B /* Build configuration list for PBXProject "Architecture_VIPER" */;
			compatibilityVersion = "Xcode 9.3";
			developmentRegion = en;
			hasScannedForEncodings = 0;
			knownRegions = (
				en,
				Base,
			);
			mainGroup = 7D93982226CA774800925C0B;
			productRefGroup = 7D93982C26CA774800925C0B /* Products */;
			projectDirPath = "";
			projectRoot = "";
			targets = (
				7D93982A26CA774800925C0B /* Architecture_VIPER */,
			);
		};
/* End PBXProject section */

/* Begin PBXResourcesBuildPhase section */
		7D93982926CA774800925C0B /* Resources */ = {
			isa = PBXResourcesBuildPhase;
			buildActionMask = 2147483647;
			files = (
				7D93985426CA915B00925C0B /* SearchRepository.storyboard in Resources */,
				7D93983B26CA774900925C0B /* LaunchScreen.storyboard in Resources */,
				7D93983826CA774900925C0B /* Assets.xcassets in Resources */,
				7DAB960F26EFA74B001D1E14 /* SearchRepositoryCell.xib in Resources */,
			);
			runOnlyForDeploymentPostprocessing = 0;
		};
/* End PBXResourcesBuildPhase section */

/* Begin PBXShellScriptBuildPhase section */
		2D246C1A94694A3C180534DD /* [CP] Check Pods Manifest.lock */ = {
			isa = PBXShellScriptBuildPhase;
			buildActionMask = 2147483647;
			files = (
			);
			inputFileListPaths = (
			);
			inputPaths = (
				"${PODS_PODFILE_DIR_PATH}/Podfile.lock",
				"${PODS_ROOT}/Manifest.lock",
			);
			name = "[CP] Check Pods Manifest.lock";
			outputFileListPaths = (
			);
			outputPaths = (
				"$(DERIVED_FILE_DIR)/Pods-Architecture_VIPER-checkManifestLockResult.txt",
			);
			runOnlyForDeploymentPostprocessing = 0;
			shellPath = /bin/sh;
			shellScript = "diff \"${PODS_PODFILE_DIR_PATH}/Podfile.lock\" \"${PODS_ROOT}/Manifest.lock\" > /dev/null\nif [ $? != 0 ] ; then\n    # print error to STDERR\n    echo \"error: The sandbox is not in sync with the Podfile.lock. Run 'pod install' or update your CocoaPods installation.\" >&2\n    exit 1\nfi\n# This output is used by Xcode 'outputs' to avoid re-running this script phase.\necho \"SUCCESS\" > \"${SCRIPT_OUTPUT_FILE_0}\"\n";
			showEnvVarsInLog = 0;
		};
		70ED2903233DE2EC146EE56D /* [CP] Embed Pods Frameworks */ = {
			isa = PBXShellScriptBuildPhase;
			buildActionMask = 2147483647;
			files = (
			);
			inputFileListPaths = (
				"${PODS_ROOT}/Target Support Files/Pods-Architecture_VIPER/Pods-Architecture_VIPER-frameworks-${CONFIGURATION}-input-files.xcfilelist",
			);
			name = "[CP] Embed Pods Frameworks";
			outputFileListPaths = (
				"${PODS_ROOT}/Target Support Files/Pods-Architecture_VIPER/Pods-Architecture_VIPER-frameworks-${CONFIGURATION}-output-files.xcfilelist",
			);
			runOnlyForDeploymentPostprocessing = 0;
			shellPath = /bin/sh;
			shellScript = "\"${PODS_ROOT}/Target Support Files/Pods-Architecture_VIPER/Pods-Architecture_VIPER-frameworks.sh\"\n";
			showEnvVarsInLog = 0;
		};
/* End PBXShellScriptBuildPhase section */

/* Begin PBXSourcesBuildPhase section */
		7D93982726CA774800925C0B /* Sources */ = {
			isa = PBXSourcesBuildPhase;
			buildActionMask = 2147483647;
			files = (
				7D44B61326D8DE9C00691B49 /* AppPresenter.swift in Sources */,
				7D93985826CA918A00925C0B /* SearchRepositoryPresenter.swift in Sources */,
				7D93986226CA954000925C0B /* AccessToken.swift in Sources */,
				7D93985626CA917800925C0B /* SearchRepositoryInteractor.swift in Sources */,
				7D44B61526D8DEF900691B49 /* RootRouter.swift in Sources */,
				7D93985C26CA91B100925C0B /* SearchRepositoryRouter.swift in Sources */,
				7D93982F26CA774800925C0B /* AppDelegate.swift in Sources */,
				7D93985226CA914B00925C0B /* SearchRepositoryViewController.swift in Sources */,
				7D93985F26CA945200925C0B /* UserEntity.swift in Sources */,
				7D93986526CA97F300925C0B /* RepositoryRequest.swift in Sources */,
				7D93985A26CA919D00925C0B /* RepositoryEntity.swift in Sources */,
				7DAB961726EFB401001D1E14 /* UITableView+Ex.swift in Sources */,
				7DAB961326EFB0FE001D1E14 /* UITableViewCell+Ex.swift in Sources */,
				7D93984C26CA7DFA00925C0B /* APIClient.swift in Sources */,
				7D93984A26CA78F100925C0B /* RequestProtocol.swift in Sources */,
				7D93984E26CA812800925C0B /* APIError.swift in Sources */,
				7D93986726CA98E400925C0B /* SearchRepositoriesRequest.swift in Sources */,
				7D93986926CA994700925C0B /* ItemsResponse.swift in Sources */,
				7DAB960E26EFA74B001D1E14 /* SearchRepositoryCell.swift in Sources */,
			);
			runOnlyForDeploymentPostprocessing = 0;
		};
/* End PBXSourcesBuildPhase section */

/* Begin PBXVariantGroup section */
		7D93983926CA774900925C0B /* LaunchScreen.storyboard */ = {
			isa = PBXVariantGroup;
			children = (
				7D93983A26CA774900925C0B /* Base */,
			);
			name = LaunchScreen.storyboard;
			sourceTree = "<group>";
		};
/* End PBXVariantGroup section */

/* Begin XCBuildConfiguration section */
		7D93983D26CA774900925C0B /* Debug */ = {
			isa = XCBuildConfiguration;
			buildSettings = {
				ALWAYS_SEARCH_USER_PATHS = NO;
				CLANG_ANALYZER_NONNULL = YES;
				CLANG_ANALYZER_NUMBER_OBJECT_CONVERSION = YES_AGGRESSIVE;
				CLANG_CXX_LANGUAGE_STANDARD = "gnu++14";
				CLANG_CXX_LIBRARY = "libc++";
				CLANG_ENABLE_MODULES = YES;
				CLANG_ENABLE_OBJC_ARC = YES;
				CLANG_ENABLE_OBJC_WEAK = YES;
				CLANG_WARN_BLOCK_CAPTURE_AUTORELEASING = YES;
				CLANG_WARN_BOOL_CONVERSION = YES;
				CLANG_WARN_COMMA = YES;
				CLANG_WARN_CONSTANT_CONVERSION = YES;
				CLANG_WARN_DEPRECATED_OBJC_IMPLEMENTATIONS = YES;
				CLANG_WARN_DIRECT_OBJC_ISA_USAGE = YES_ERROR;
				CLANG_WARN_DOCUMENTATION_COMMENTS = YES;
				CLANG_WARN_EMPTY_BODY = YES;
				CLANG_WARN_ENUM_CONVERSION = YES;
				CLANG_WARN_INFINITE_RECURSION = YES;
				CLANG_WARN_INT_CONVERSION = YES;
				CLANG_WARN_NON_LITERAL_NULL_CONVERSION = YES;
				CLANG_WARN_OBJC_IMPLICIT_RETAIN_SELF = YES;
				CLANG_WARN_OBJC_LITERAL_CONVERSION = YES;
				CLANG_WARN_OBJC_ROOT_CLASS = YES_ERROR;
				CLANG_WARN_QUOTED_INCLUDE_IN_FRAMEWORK_HEADER = YES;
				CLANG_WARN_RANGE_LOOP_ANALYSIS = YES;
				CLANG_WARN_STRICT_PROTOTYPES = YES;
				CLANG_WARN_SUSPICIOUS_MOVE = YES;
				CLANG_WARN_UNGUARDED_AVAILABILITY = YES_AGGRESSIVE;
				CLANG_WARN_UNREACHABLE_CODE = YES;
				CLANG_WARN__DUPLICATE_METHOD_MATCH = YES;
				COPY_PHASE_STRIP = NO;
				DEBUG_INFORMATION_FORMAT = dwarf;
				ENABLE_STRICT_OBJC_MSGSEND = YES;
				ENABLE_TESTABILITY = YES;
				GCC_C_LANGUAGE_STANDARD = gnu11;
				GCC_DYNAMIC_NO_PIC = NO;
				GCC_NO_COMMON_BLOCKS = YES;
				GCC_OPTIMIZATION_LEVEL = 0;
				GCC_PREPROCESSOR_DEFINITIONS = (
					"DEBUG=1",
					"$(inherited)",
				);
				GCC_WARN_64_TO_32_BIT_CONVERSION = YES;
				GCC_WARN_ABOUT_RETURN_TYPE = YES_ERROR;
				GCC_WARN_UNDECLARED_SELECTOR = YES;
				GCC_WARN_UNINITIALIZED_AUTOS = YES_AGGRESSIVE;
				GCC_WARN_UNUSED_FUNCTION = YES;
				GCC_WARN_UNUSED_VARIABLE = YES;
				IPHONEOS_DEPLOYMENT_TARGET = 14.5;
				MTL_ENABLE_DEBUG_INFO = INCLUDE_SOURCE;
				MTL_FAST_MATH = YES;
				ONLY_ACTIVE_ARCH = YES;
				SDKROOT = iphoneos;
				SWIFT_ACTIVE_COMPILATION_CONDITIONS = DEBUG;
				SWIFT_OPTIMIZATION_LEVEL = "-Onone";
			};
			name = Debug;
		};
		7D93983E26CA774900925C0B /* Release */ = {
			isa = XCBuildConfiguration;
			buildSettings = {
				ALWAYS_SEARCH_USER_PATHS = NO;
				CLANG_ANALYZER_NONNULL = YES;
				CLANG_ANALYZER_NUMBER_OBJECT_CONVERSION = YES_AGGRESSIVE;
				CLANG_CXX_LANGUAGE_STANDARD = "gnu++14";
				CLANG_CXX_LIBRARY = "libc++";
				CLANG_ENABLE_MODULES = YES;
				CLANG_ENABLE_OBJC_ARC = YES;
				CLANG_ENABLE_OBJC_WEAK = YES;
				CLANG_WARN_BLOCK_CAPTURE_AUTORELEASING = YES;
				CLANG_WARN_BOOL_CONVERSION = YES;
				CLANG_WARN_COMMA = YES;
				CLANG_WARN_CONSTANT_CONVERSION = YES;
				CLANG_WARN_DEPRECATED_OBJC_IMPLEMENTATIONS = YES;
				CLANG_WARN_DIRECT_OBJC_ISA_USAGE = YES_ERROR;
				CLANG_WARN_DOCUMENTATION_COMMENTS = YES;
				CLANG_WARN_EMPTY_BODY = YES;
				CLANG_WARN_ENUM_CONVERSION = YES;
				CLANG_WARN_INFINITE_RECURSION = YES;
				CLANG_WARN_INT_CONVERSION = YES;
				CLANG_WARN_NON_LITERAL_NULL_CONVERSION = YES;
				CLANG_WARN_OBJC_IMPLICIT_RETAIN_SELF = YES;
				CLANG_WARN_OBJC_LITERAL_CONVERSION = YES;
				CLANG_WARN_OBJC_ROOT_CLASS = YES_ERROR;
				CLANG_WARN_QUOTED_INCLUDE_IN_FRAMEWORK_HEADER = YES;
				CLANG_WARN_RANGE_LOOP_ANALYSIS = YES;
				CLANG_WARN_STRICT_PROTOTYPES = YES;
				CLANG_WARN_SUSPICIOUS_MOVE = YES;
				CLANG_WARN_UNGUARDED_AVAILABILITY = YES_AGGRESSIVE;
				CLANG_WARN_UNREACHABLE_CODE = YES;
				CLANG_WARN__DUPLICATE_METHOD_MATCH = YES;
				COPY_PHASE_STRIP = NO;
				DEBUG_INFORMATION_FORMAT = "dwarf-with-dsym";
				ENABLE_NS_ASSERTIONS = NO;
				ENABLE_STRICT_OBJC_MSGSEND = YES;
				GCC_C_LANGUAGE_STANDARD = gnu11;
				GCC_NO_COMMON_BLOCKS = YES;
				GCC_WARN_64_TO_32_BIT_CONVERSION = YES;
				GCC_WARN_ABOUT_RETURN_TYPE = YES_ERROR;
				GCC_WARN_UNDECLARED_SELECTOR = YES;
				GCC_WARN_UNINITIALIZED_AUTOS = YES_AGGRESSIVE;
				GCC_WARN_UNUSED_FUNCTION = YES;
				GCC_WARN_UNUSED_VARIABLE = YES;
				IPHONEOS_DEPLOYMENT_TARGET = 14.5;
				MTL_ENABLE_DEBUG_INFO = NO;
				MTL_FAST_MATH = YES;
				SDKROOT = iphoneos;
				SWIFT_COMPILATION_MODE = wholemodule;
				SWIFT_OPTIMIZATION_LEVEL = "-O";
				VALIDATE_PRODUCT = YES;
			};
			name = Release;
		};
		7D93984026CA774900925C0B /* Debug */ = {
			isa = XCBuildConfiguration;
			baseConfigurationReference = 0B3CBC4304891C734F514A96 /* Pods-Architecture_VIPER.debug.xcconfig */;
			buildSettings = {
				ASSETCATALOG_COMPILER_APPICON_NAME = AppIcon;
				ASSETCATALOG_COMPILER_GLOBAL_ACCENT_COLOR_NAME = AccentColor;
				CODE_SIGN_STYLE = Automatic;
				DEVELOPMENT_TEAM = NZSUHT5DUD;
				INFOPLIST_FILE = Architecture_VIPER/Info.plist;
				LD_RUNPATH_SEARCH_PATHS = (
					"$(inherited)",
					"@executable_path/Frameworks",
				);
				PRODUCT_BUNDLE_IDENTIFIER = "com.Architecture-VIPER";
				PRODUCT_NAME = "$(TARGET_NAME)";
				SWIFT_VERSION = 5.0;
				TARGETED_DEVICE_FAMILY = "1,2";
			};
			name = Debug;
		};
		7D93984126CA774900925C0B /* Release */ = {
			isa = XCBuildConfiguration;
			baseConfigurationReference = 110E56576CAA67106FC00361 /* Pods-Architecture_VIPER.release.xcconfig */;
			buildSettings = {
				ASSETCATALOG_COMPILER_APPICON_NAME = AppIcon;
				ASSETCATALOG_COMPILER_GLOBAL_ACCENT_COLOR_NAME = AccentColor;
				CODE_SIGN_STYLE = Automatic;
				DEVELOPMENT_TEAM = NZSUHT5DUD;
				INFOPLIST_FILE = Architecture_VIPER/Info.plist;
				LD_RUNPATH_SEARCH_PATHS = (
					"$(inherited)",
					"@executable_path/Frameworks",
				);
				PRODUCT_BUNDLE_IDENTIFIER = "com.Architecture-VIPER";
				PRODUCT_NAME = "$(TARGET_NAME)";
				SWIFT_VERSION = 5.0;
				TARGETED_DEVICE_FAMILY = "1,2";
			};
			name = Release;
		};
/* End XCBuildConfiguration section */

/* Begin XCConfigurationList section */
		7D93982626CA774800925C0B /* Build configuration list for PBXProject "Architecture_VIPER" */ = {
			isa = XCConfigurationList;
			buildConfigurations = (
				7D93983D26CA774900925C0B /* Debug */,
				7D93983E26CA774900925C0B /* Release */,
			);
			defaultConfigurationIsVisible = 0;
			defaultConfigurationName = Release;
		};
		7D93983F26CA774900925C0B /* Build configuration list for PBXNativeTarget "Architecture_VIPER" */ = {
			isa = XCConfigurationList;
			buildConfigurations = (
				7D93984026CA774900925C0B /* Debug */,
				7D93984126CA774900925C0B /* Release */,
			);
			defaultConfigurationIsVisible = 0;
			defaultConfigurationName = Release;
		};
/* End XCConfigurationList section */
	};
	rootObject = 7D93982326CA774800925C0B /* Project object */;
}
