// !$*UTF8*$!
{
	archiveVersion = 1;
	classes = {
	};
	objectVersion = 50;
	objects = {

/* Begin PBXBuildFile section */
		7D93982F26CA774800925C0B /* AppDelegate.swift in Sources */ = {isa = PBXBuildFile; fileRef = 7D93982E26CA774800925C0B /* AppDelegate.swift */; };
		7D93983126CA774800925C0B /* SceneDelegate.swift in Sources */ = {isa = PBXBuildFile; fileRef = 7D93983026CA774800925C0B /* SceneDelegate.swift */; };
		7D93983326CA774800925C0B /* ViewController.swift in Sources */ = {isa = PBXBuildFile; fileRef = 7D93983226CA774800925C0B /* ViewController.swift */; };
		7D93983626CA774800925C0B /* Main.storyboard in Resources */ = {isa = PBXBuildFile; fileRef = 7D93983426CA774800925C0B /* Main.storyboard */; };
		7D93983826CA774900925C0B /* Assets.xcassets in Resources */ = {isa = PBXBuildFile; fileRef = 7D93983726CA774900925C0B /* Assets.xcassets */; };
		7D93983B26CA774900925C0B /* LaunchScreen.storyboard in Resources */ = {isa = PBXBuildFile; fileRef = 7D93983926CA774900925C0B /* LaunchScreen.storyboard */; };
		7D93984A26CA78F100925C0B /* RequestProtocol.swift in Sources */ = {isa = PBXBuildFile; fileRef = 7D93984926CA78F100925C0B /* RequestProtocol.swift */; };
		7D93984C26CA7DFA00925C0B /* APIClient.swift in Sources */ = {isa = PBXBuildFile; fileRef = 7D93984B26CA7DFA00925C0B /* APIClient.swift */; };
		7D93984E26CA812800925C0B /* APIError.swift in Sources */ = {isa = PBXBuildFile; fileRef = 7D93984D26CA812800925C0B /* APIError.swift */; };
		7D93985226CA914B00925C0B /* SearchRepositoryViewController.swift in Sources */ = {isa = PBXBuildFile; fileRef = 7D93985126CA914B00925C0B /* SearchRepositoryViewController.swift */; };
		7D93985426CA915B00925C0B /* SearchRepository.storyboard in Resources */ = {isa = PBXBuildFile; fileRef = 7D93985326CA915B00925C0B /* SearchRepository.storyboard */; };
		7D93985626CA917800925C0B /* SearchRepositoryInteractor.swift in Sources */ = {isa = PBXBuildFile; fileRef = 7D93985526CA917800925C0B /* SearchRepositoryInteractor.swift */; };
		7D93985826CA918A00925C0B /* SearchRepositoryPresenter.swift in Sources */ = {isa = PBXBuildFile; fileRef = 7D93985726CA918A00925C0B /* SearchRepositoryPresenter.swift */; };
		7D93985A26CA919D00925C0B /* RepositoryEntity.swift in Sources */ = {isa = PBXBuildFile; fileRef = 7D93985926CA919D00925C0B /* RepositoryEntity.swift */; };
		7D93985C26CA91B100925C0B /* SearchRepositoryRouter.swift in Sources */ = {isa = PBXBuildFile; fileRef = 7D93985B26CA91B100925C0B /* SearchRepositoryRouter.swift */; };
/* End PBXBuildFile section */

/* Begin PBXFileReference section */
		7D93982B26CA774800925C0B /* Architecture_VIPER.app */ = {isa = PBXFileReference; explicitFileType = wrapper.application; includeInIndex = 0; path = Architecture_VIPER.app; sourceTree = BUILT_PRODUCTS_DIR; };
		7D93982E26CA774800925C0B /* AppDelegate.swift */ = {isa = PBXFileReference; lastKnownFileType = sourcecode.swift; path = AppDelegate.swift; sourceTree = "<group>"; };
		7D93983026CA774800925C0B /* SceneDelegate.swift */ = {isa = PBXFileReference; lastKnownFileType = sourcecode.swift; path = SceneDelegate.swift; sourceTree = "<group>"; };
		7D93983226CA774800925C0B /* ViewController.swift */ = {isa = PBXFileReference; lastKnownFileType = sourcecode.swift; path = ViewController.swift; sourceTree = "<group>"; };
		7D93983526CA774800925C0B /* Base */ = {isa = PBXFileReference; lastKnownFileType = file.storyboard; name = Base; path = Base.lproj/Main.storyboard; sourceTree = "<group>"; };
		7D93983726CA774900925C0B /* Assets.xcassets */ = {isa = PBXFileReference; lastKnownFileType = folder.assetcatalog; path = Assets.xcassets; sourceTree = "<group>"; };
		7D93983A26CA774900925C0B /* Base */ = {isa = PBXFileReference; lastKnownFileType = file.storyboard; name = Base; path = Base.lproj/LaunchScreen.storyboard; sourceTree = "<group>"; };
		7D93983C26CA774900925C0B /* Info.plist */ = {isa = PBXFileReference; lastKnownFileType = text.plist.xml; path = Info.plist; sourceTree = "<group>"; };
		7D93984926CA78F100925C0B /* RequestProtocol.swift */ = {isa = PBXFileReference; lastKnownFileType = sourcecode.swift; path = RequestProtocol.swift; sourceTree = "<group>"; };
		7D93984B26CA7DFA00925C0B /* APIClient.swift */ = {isa = PBXFileReference; lastKnownFileType = sourcecode.swift; path = APIClient.swift; sourceTree = "<group>"; };
		7D93984D26CA812800925C0B /* APIError.swift */ = {isa = PBXFileReference; lastKnownFileType = sourcecode.swift; path = APIError.swift; sourceTree = "<group>"; };
		7D93985126CA914B00925C0B /* SearchRepositoryViewController.swift */ = {isa = PBXFileReference; lastKnownFileType = sourcecode.swift; path = SearchRepositoryViewController.swift; sourceTree = "<group>"; };
		7D93985326CA915B00925C0B /* SearchRepository.storyboard */ = {isa = PBXFileReference; lastKnownFileType = file.storyboard; path = SearchRepository.storyboard; sourceTree = "<group>"; };
		7D93985526CA917800925C0B /* SearchRepositoryInteractor.swift */ = {isa = PBXFileReference; lastKnownFileType = sourcecode.swift; path = SearchRepositoryInteractor.swift; sourceTree = "<group>"; };
		7D93985726CA918A00925C0B /* SearchRepositoryPresenter.swift */ = {isa = PBXFileReference; lastKnownFileType = sourcecode.swift; path = SearchRepositoryPresenter.swift; sourceTree = "<group>"; };
		7D93985926CA919D00925C0B /* RepositoryEntity.swift */ = {isa = PBXFileReference; lastKnownFileType = sourcecode.swift; path = RepositoryEntity.swift; sourceTree = "<group>"; };
		7D93985B26CA91B100925C0B /* SearchRepositoryRouter.swift */ = {isa = PBXFileReference; lastKnownFileType = sourcecode.swift; path = SearchRepositoryRouter.swift; sourceTree = "<group>"; };
/* End PBXFileReference section */

/* Begin PBXFrameworksBuildPhase section */
		7D93982826CA774800925C0B /* Frameworks */ = {
			isa = PBXFrameworksBuildPhase;
			buildActionMask = 2147483647;
			files = (
			);
			runOnlyForDeploymentPostprocessing = 0;
		};
/* End PBXFrameworksBuildPhase section */

/* Begin PBXGroup section */
		7D93982226CA774800925C0B = {
			isa = PBXGroup;
			children = (
				7D93982D26CA774800925C0B /* Architecture_VIPER */,
				7D93982C26CA774800925C0B /* Products */,
			);
			sourceTree = "<group>";
		};
		7D93982C26CA774800925C0B /* Products */ = {
			isa = PBXGroup;
			children = (
				7D93982B26CA774800925C0B /* Architecture_VIPER.app */,
			);
			name = Products;
			sourceTree = "<group>";
		};
		7D93982D26CA774800925C0B /* Architecture_VIPER */ = {
			isa = PBXGroup;
			children = (
				7D93984826CA788B00925C0B /* API */,
				7D93984F26CA909600925C0B /* Module */,
				7D93982E26CA774800925C0B /* AppDelegate.swift */,
				7D93983026CA774800925C0B /* SceneDelegate.swift */,
				7D93983226CA774800925C0B /* ViewController.swift */,
				7D93983426CA774800925C0B /* Main.storyboard */,
				7D93983726CA774900925C0B /* Assets.xcassets */,
				7D93983926CA774900925C0B /* LaunchScreen.storyboard */,
				7D93983C26CA774900925C0B /* Info.plist */,
			);
			path = Architecture_VIPER;
			sourceTree = "<group>";
		};
		7D93984226CA781E00925C0B /* View */ = {
			isa = PBXGroup;
			children = (
				7D93985126CA914B00925C0B /* SearchRepositoryViewController.swift */,
				7D93985326CA915B00925C0B /* SearchRepository.storyboard */,
			);
			path = View;
			sourceTree = "<group>";
		};
		7D93984426CA787E00925C0B /* Router */ = {
			isa = PBXGroup;
			children = (
				7D93985B26CA91B100925C0B /* SearchRepositoryRouter.swift */,
			);
			path = Router;
			sourceTree = "<group>";
		};
		7D93984526CA788100925C0B /* Entity */ = {
			isa = PBXGroup;
			children = (
				7D93985926CA919D00925C0B /* RepositoryEntity.swift */,
			);
			path = Entity;
			sourceTree = "<group>";
		};
		7D93984626CA788400925C0B /* Presenter */ = {
			isa = PBXGroup;
			children = (
				7D93985726CA918A00925C0B /* SearchRepositoryPresenter.swift */,
			);
			path = Presenter;
			sourceTree = "<group>";
		};
		7D93984726CA788800925C0B /* Interactor */ = {
			isa = PBXGroup;
			children = (
				7D93985526CA917800925C0B /* SearchRepositoryInteractor.swift */,
			);
			path = Interactor;
			sourceTree = "<group>";
		};
		7D93984826CA788B00925C0B /* API */ = {
			isa = PBXGroup;
			children = (
				7D93984926CA78F100925C0B /* RequestProtocol.swift */,
				7D93984B26CA7DFA00925C0B /* APIClient.swift */,
				7D93984D26CA812800925C0B /* APIError.swift */,
			);
			path = API;
			sourceTree = "<group>";
		};
		7D93984F26CA909600925C0B /* Module */ = {
			isa = PBXGroup;
			children = (
				7D93985026CA90FA00925C0B /* SearchRepository */,
			);
			path = Module;
			sourceTree = "<group>";
		};
		7D93985026CA90FA00925C0B /* SearchRepository */ = {
			isa = PBXGroup;
			children = (
				7D93984226CA781E00925C0B /* View */,
				7D93984726CA788800925C0B /* Interactor */,
				7D93984626CA788400925C0B /* Presenter */,
				7D93984526CA788100925C0B /* Entity */,
				7D93984426CA787E00925C0B /* Router */,
			);
			path = SearchRepository;
			sourceTree = "<group>";
		};
/* End PBXGroup section */

/* Begin PBXNativeTarget section */
		7D93982A26CA774800925C0B /* Architecture_VIPER */ = {
			isa = PBXNativeTarget;
			buildConfigurationList = 7D93983F26CA774900925C0B /* Build configuration list for PBXNativeTarget "Architecture_VIPER" */;
			buildPhases = (
				7D93982726CA774800925C0B /* Sources */,
				7D93982826CA774800925C0B /* Frameworks */,
				7D93982926CA774800925C0B /* Resources */,
			);
			buildRules = (
			);
			dependencies = (
			);
			name = Architecture_VIPER;
			productName = Architecture_VIPER;
			productReference = 7D93982B26CA774800925C0B /* Architecture_VIPER.app */;
			productType = "com.apple.product-type.application";
		};
/* End PBXNativeTarget section */

/* Begin PBXProject section */
		7D93982326CA774800925C0B /* Project object */ = {
			isa = PBXProject;
			attributes = {
				LastSwiftUpdateCheck = 1250;
				LastUpgradeCheck = 1250;
				TargetAttributes = {
					7D93982A26CA774800925C0B = {
						CreatedOnToolsVersion = 12.5.1;
					};
				};
			};
			buildConfigurationList = 7D93982626CA774800925C0B /* Build configuration list for PBXProject "Architecture_VIPER" */;
			compatibilityVersion = "Xcode 9.3";
			developmentRegion = en;
			hasScannedForEncodings = 0;
			knownRegions = (
				en,
				Base,
			);
			mainGroup = 7D93982226CA774800925C0B;
			productRefGroup = 7D93982C26CA774800925C0B /* Products */;
			projectDirPath = "";
			projectRoot = "";
			targets = (
				7D93982A26CA774800925C0B /* Architecture_VIPER */,
			);
		};
/* End PBXProject section */

/* Begin PBXResourcesBuildPhase section */
		7D93982926CA774800925C0B /* Resources */ = {
			isa = PBXResourcesBuildPhase;
			buildActionMask = 2147483647;
			files = (
				7D93985426CA915B00925C0B /* SearchRepository.storyboard in Resources */,
				7D93983B26CA774900925C0B /* LaunchScreen.storyboard in Resources */,
				7D93983826CA774900925C0B /* Assets.xcassets in Resources */,
				7D93983626CA774800925C0B /* Main.storyboard in Resources */,
			);
			runOnlyForDeploymentPostprocessing = 0;
		};
/* End PBXResourcesBuildPhase section */

/* Begin PBXSourcesBuildPhase section */
		7D93982726CA774800925C0B /* Sources */ = {
			isa = PBXSourcesBuildPhase;
			buildActionMask = 2147483647;
			files = (
				7D93985826CA918A00925C0B /* SearchRepositoryPresenter.swift in Sources */,
				7D93985626CA917800925C0B /* SearchRepositoryInteractor.swift in Sources */,
				7D93983326CA774800925C0B /* ViewController.swift in Sources */,
				7D93985C26CA91B100925C0B /* SearchRepositoryRouter.swift in Sources */,
				7D93982F26CA774800925C0B /* AppDelegate.swift in Sources */,
				7D93983126CA774800925C0B /* SceneDelegate.swift in Sources */,
				7D93985226CA914B00925C0B /* SearchRepositoryViewController.swift in Sources */,
				7D93985A26CA919D00925C0B /* RepositoryEntity.swift in Sources */,
				7D93984C26CA7DFA00925C0B /* APIClient.swift in Sources */,
				7D93984A26CA78F100925C0B /* RequestProtocol.swift in Sources */,
				7D93984E26CA812800925C0B /* APIError.swift in Sources */,
			);
			runOnlyForDeploymentPostprocessing = 0;
		};
/* End PBXSourcesBuildPhase section */

/* Begin PBXVariantGroup section */
		7D93983426CA774800925C0B /* Main.storyboard */ = {
			isa = PBXVariantGroup;
			children = (
				7D93983526CA774800925C0B /* Base */,
			);
			name = Main.storyboard;
			sourceTree = "<group>";
		};
		7D93983926CA774900925C0B /* LaunchScreen.storyboard */ = {
			isa = PBXVariantGroup;
			children = (
				7D93983A26CA774900925C0B /* Base */,
			);
			name = LaunchScreen.storyboard;
			sourceTree = "<group>";
		};
/* End PBXVariantGroup section */

/* Begin XCBuildConfiguration section */
		7D93983D26CA774900925C0B /* Debug */ = {
			isa = XCBuildConfiguration;
			buildSettings = {
				ALWAYS_SEARCH_USER_PATHS = NO;
				CLANG_ANALYZER_NONNULL = YES;
				CLANG_ANALYZER_NUMBER_OBJECT_CONVERSION = YES_AGGRESSIVE;
				CLANG_CXX_LANGUAGE_STANDARD = "gnu++14";
				CLANG_CXX_LIBRARY = "libc++";
				CLANG_ENABLE_MODULES = YES;
				CLANG_ENABLE_OBJC_ARC = YES;
				CLANG_ENABLE_OBJC_WEAK = YES;
				CLANG_WARN_BLOCK_CAPTURE_AUTORELEASING = YES;
				CLANG_WARN_BOOL_CONVERSION = YES;
				CLANG_WARN_COMMA = YES;
				CLANG_WARN_CONSTANT_CONVERSION = YES;
				CLANG_WARN_DEPRECATED_OBJC_IMPLEMENTATIONS = YES;
				CLANG_WARN_DIRECT_OBJC_ISA_USAGE = YES_ERROR;
				CLANG_WARN_DOCUMENTATION_COMMENTS = YES;
				CLANG_WARN_EMPTY_BODY = YES;
				CLANG_WARN_ENUM_CONVERSION = YES;
				CLANG_WARN_INFINITE_RECURSION = YES;
				CLANG_WARN_INT_CONVERSION = YES;
				CLANG_WARN_NON_LITERAL_NULL_CONVERSION = YES;
				CLANG_WARN_OBJC_IMPLICIT_RETAIN_SELF = YES;
				CLANG_WARN_OBJC_LITERAL_CONVERSION = YES;
				CLANG_WARN_OBJC_ROOT_CLASS = YES_ERROR;
				CLANG_WARN_QUOTED_INCLUDE_IN_FRAMEWORK_HEADER = YES;
				CLANG_WARN_RANGE_LOOP_ANALYSIS = YES;
				CLANG_WARN_STRICT_PROTOTYPES = YES;
				CLANG_WARN_SUSPICIOUS_MOVE = YES;
				CLANG_WARN_UNGUARDED_AVAILABILITY = YES_AGGRESSIVE;
				CLANG_WARN_UNREACHABLE_CODE = YES;
				CLANG_WARN__DUPLICATE_METHOD_MATCH = YES;
				COPY_PHASE_STRIP = NO;
				DEBUG_INFORMATION_FORMAT = dwarf;
				ENABLE_STRICT_OBJC_MSGSEND = YES;
				ENABLE_TESTABILITY = YES;
				GCC_C_LANGUAGE_STANDARD = gnu11;
				GCC_DYNAMIC_NO_PIC = NO;
				GCC_NO_COMMON_BLOCKS = YES;
				GCC_OPTIMIZATION_LEVEL = 0;
				GCC_PREPROCESSOR_DEFINITIONS = (
					"DEBUG=1",
					"$(inherited)",
				);
				GCC_WARN_64_TO_32_BIT_CONVERSION = YES;
				GCC_WARN_ABOUT_RETURN_TYPE = YES_ERROR;
				GCC_WARN_UNDECLARED_SELECTOR = YES;
				GCC_WARN_UNINITIALIZED_AUTOS = YES_AGGRESSIVE;
				GCC_WARN_UNUSED_FUNCTION = YES;
				GCC_WARN_UNUSED_VARIABLE = YES;
				IPHONEOS_DEPLOYMENT_TARGET = 14.5;
				MTL_ENABLE_DEBUG_INFO = INCLUDE_SOURCE;
				MTL_FAST_MATH = YES;
				ONLY_ACTIVE_ARCH = YES;
				SDKROOT = iphoneos;
				SWIFT_ACTIVE_COMPILATION_CONDITIONS = DEBUG;
				SWIFT_OPTIMIZATION_LEVEL = "-Onone";
			};
			name = Debug;
		};
		7D93983E26CA774900925C0B /* Release */ = {
			isa = XCBuildConfiguration;
			buildSettings = {
				ALWAYS_SEARCH_USER_PATHS = NO;
				CLANG_ANALYZER_NONNULL = YES;
				CLANG_ANALYZER_NUMBER_OBJECT_CONVERSION = YES_AGGRESSIVE;
				CLANG_CXX_LANGUAGE_STANDARD = "gnu++14";
				CLANG_CXX_LIBRARY = "libc++";
				CLANG_ENABLE_MODULES = YES;
				CLANG_ENABLE_OBJC_ARC = YES;
				CLANG_ENABLE_OBJC_WEAK = YES;
				CLANG_WARN_BLOCK_CAPTURE_AUTORELEASING = YES;
				CLANG_WARN_BOOL_CONVERSION = YES;
				CLANG_WARN_COMMA = YES;
				CLANG_WARN_CONSTANT_CONVERSION = YES;
				CLANG_WARN_DEPRECATED_OBJC_IMPLEMENTATIONS = YES;
				CLANG_WARN_DIRECT_OBJC_ISA_USAGE = YES_ERROR;
				CLANG_WARN_DOCUMENTATION_COMMENTS = YES;
				CLANG_WARN_EMPTY_BODY = YES;
				CLANG_WARN_ENUM_CONVERSION = YES;
				CLANG_WARN_INFINITE_RECURSION = YES;
				CLANG_WARN_INT_CONVERSION = YES;
				CLANG_WARN_NON_LITERAL_NULL_CONVERSION = YES;
				CLANG_WARN_OBJC_IMPLICIT_RETAIN_SELF = YES;
				CLANG_WARN_OBJC_LITERAL_CONVERSION = YES;
				CLANG_WARN_OBJC_ROOT_CLASS = YES_ERROR;
				CLANG_WARN_QUOTED_INCLUDE_IN_FRAMEWORK_HEADER = YES;
				CLANG_WARN_RANGE_LOOP_ANALYSIS = YES;
				CLANG_WARN_STRICT_PROTOTYPES = YES;
				CLANG_WARN_SUSPICIOUS_MOVE = YES;
				CLANG_WARN_UNGUARDED_AVAILABILITY = YES_AGGRESSIVE;
				CLANG_WARN_UNREACHABLE_CODE = YES;
				CLANG_WARN__DUPLICATE_METHOD_MATCH = YES;
				COPY_PHASE_STRIP = NO;
				DEBUG_INFORMATION_FORMAT = "dwarf-with-dsym";
				ENABLE_NS_ASSERTIONS = NO;
				ENABLE_STRICT_OBJC_MSGSEND = YES;
				GCC_C_LANGUAGE_STANDARD = gnu11;
				GCC_NO_COMMON_BLOCKS = YES;
				GCC_WARN_64_TO_32_BIT_CONVERSION = YES;
				GCC_WARN_ABOUT_RETURN_TYPE = YES_ERROR;
				GCC_WARN_UNDECLARED_SELECTOR = YES;
				GCC_WARN_UNINITIALIZED_AUTOS = YES_AGGRESSIVE;
				GCC_WARN_UNUSED_FUNCTION = YES;
				GCC_WARN_UNUSED_VARIABLE = YES;
				IPHONEOS_DEPLOYMENT_TARGET = 14.5;
				MTL_ENABLE_DEBUG_INFO = NO;
				MTL_FAST_MATH = YES;
				SDKROOT = iphoneos;
				SWIFT_COMPILATION_MODE = wholemodule;
				SWIFT_OPTIMIZATION_LEVEL = "-O";
				VALIDATE_PRODUCT = YES;
			};
			name = Release;
		};
		7D93984026CA774900925C0B /* Debug */ = {
			isa = XCBuildConfiguration;
			buildSettings = {
				ASSETCATALOG_COMPILER_APPICON_NAME = AppIcon;
				ASSETCATALOG_COMPILER_GLOBAL_ACCENT_COLOR_NAME = AccentColor;
				CODE_SIGN_STYLE = Automatic;
				DEVELOPMENT_TEAM = NZSUHT5DUD;
				INFOPLIST_FILE = Architecture_VIPER/Info.plist;
				LD_RUNPATH_SEARCH_PATHS = (
					"$(inherited)",
					"@executable_path/Frameworks",
				);
				PRODUCT_BUNDLE_IDENTIFIER = "com.Architecture-VIPER";
				PRODUCT_NAME = "$(TARGET_NAME)";
				SWIFT_VERSION = 5.0;
				TARGETED_DEVICE_FAMILY = "1,2";
			};
			name = Debug;
		};
		7D93984126CA774900925C0B /* Release */ = {
			isa = XCBuildConfiguration;
			buildSettings = {
				ASSETCATALOG_COMPILER_APPICON_NAME = AppIcon;
				ASSETCATALOG_COMPILER_GLOBAL_ACCENT_COLOR_NAME = AccentColor;
				CODE_SIGN_STYLE = Automatic;
				DEVELOPMENT_TEAM = NZSUHT5DUD;
				INFOPLIST_FILE = Architecture_VIPER/Info.plist;
				LD_RUNPATH_SEARCH_PATHS = (
					"$(inherited)",
					"@executable_path/Frameworks",
				);
				PRODUCT_BUNDLE_IDENTIFIER = "com.Architecture-VIPER";
				PRODUCT_NAME = "$(TARGET_NAME)";
				SWIFT_VERSION = 5.0;
				TARGETED_DEVICE_FAMILY = "1,2";
			};
			name = Release;
		};
/* End XCBuildConfiguration section */

/* Begin XCConfigurationList section */
		7D93982626CA774800925C0B /* Build configuration list for PBXProject "Architecture_VIPER" */ = {
			isa = XCConfigurationList;
			buildConfigurations = (
				7D93983D26CA774900925C0B /* Debug */,
				7D93983E26CA774900925C0B /* Release */,
			);
			defaultConfigurationIsVisible = 0;
			defaultConfigurationName = Release;
		};
		7D93983F26CA774900925C0B /* Build configuration list for PBXNativeTarget "Architecture_VIPER" */ = {
			isa = XCConfigurationList;
			buildConfigurations = (
				7D93984026CA774900925C0B /* Debug */,
				7D93984126CA774900925C0B /* Release */,
			);
			defaultConfigurationIsVisible = 0;
			defaultConfigurationName = Release;
		};
/* End XCConfigurationList section */
	};
	rootObject = 7D93982326CA774800925C0B /* Project object */;
}
